
Microsoft Visual Studio Solution File, Format Version 12.00
# Visual Studio 15
VisualStudioVersion = 15.0.27130.2010
MinimumVisualStudioVersion = 10.0.40219.1
Project("{9A19103F-16F7-4668-BE54-9A1E7A4F7556}") = "SurvivioData", "SurvivioData\SurvivioData.csproj", "{1CE9A99C-D8FB-45CE-A799-653EDDE29F57}"
EndProject
Project("{9A19103F-16F7-4668-BE54-9A1E7A4F7556}") = "FiskeBot", "FiskeBot\FiskeBot.csproj", "{3AF1EB44-13D7-4E05-A954-D73162E7B71A}"
EndProject
Global
	GlobalSection(SolutionConfigurationPlatforms) = preSolution
		Debug|Any CPU = Debug|Any CPU
		Release|Any CPU = Release|Any CPU
	EndGlobalSection
	GlobalSection(ProjectConfigurationPlatforms) = postSolution
		{1CE9A99C-D8FB-45CE-A799-653EDDE29F57}.Debug|Any CPU.ActiveCfg = Debug|Any CPU
		{1CE9A99C-D8FB-45CE-A799-653EDDE29F57}.Debug|Any CPU.Build.0 = Debug|Any CPU
		{1CE9A99C-D8FB-45CE-A799-653EDDE29F57}.Release|Any CPU.ActiveCfg = Release|Any CPU
		{1CE9A99C-D8FB-45CE-A799-653EDDE29F57}.Release|Any CPU.Build.0 = Release|Any CPU
		{3AF1EB44-13D7-4E05-A954-D73162E7B71A}.Debug|Any CPU.ActiveCfg = Debug|Any CPU
		{3AF1EB44-13D7-4E05-A954-D73162E7B71A}.Debug|Any CPU.Build.0 = Debug|Any CPU
		{3AF1EB44-13D7-4E05-A954-D73162E7B71A}.Release|Any CPU.ActiveCfg = Release|Any CPU
		{3AF1EB44-13D7-4E05-A954-D73162E7B71A}.Release|Any CPU.Build.0 = Release|Any CPU
	EndGlobalSection
	GlobalSection(SolutionProperties) = preSolution
		HideSolutionNode = FALSE
	EndGlobalSection
	GlobalSection(ExtensibilityGlobals) = postSolution
		SolutionGuid = {39F12EFF-E868-4ABC-AE2B-D69CA41D58BC}
	EndGlobalSection
EndGlobal
